lockfileVersion: '9.0'

settings:
  autoInstallPeers: true
  excludeLinksFromLockfile: false

importers:

  .:
    dependencies:
      '@types/node':
        specifier: ^25.5.2
        version: 25.5.2
      kafkajs:
        specifier: ^2.2.4
        version: 2.2.4
      pg:
        specifier: ^8.20.0
        version: 8.20.0
      redis:
        specifier: ^5.11.0
        version: 5.11.0
      typescript:
        specifier: ^6.0.2
        version: 6.0.2
    devDependencies:
      '@types/pg':
        specifier: ^8.20.0
        version: 8.20.0

packages:

  '@redis/bloom@5.11.0':
    resolution: {integrity: sha512-KYiVilAhAFN3057afUb/tfYJpsEyTkQB+tQcn5gVVA7DgcNOAj8lLxe4j8ov8BF6I9C1Fe/kwlbuAICcTMX8Lw==}
    engines: {node: '>= 18'}
    peerDependencies:
      '@redis/client': ^5.11.0

  '@redis/client@5.11.0':
    resolution: {integrity: sha512-GHoprlNQD51Xq2Ztd94HHV94MdFZQ3CVrpA04Fz8MVoHM0B7SlbmPEVIjwTbcv58z8QyjnrOuikS0rWF03k5dQ==}
    engines: {node: '>= 18'}
    peerDependencies:
      '@node-rs/xxhash': ^1.1.0
    peerDependenciesMeta:
      '@node-rs/xxhash':
        optional: true

  '@redis/json@5.11.0':
    resolution: {integrity: sha512-1iAy9kAtcD0quB21RbPTbUqqy+T2Uu2JxucwE+B4A+VaDbIRvpZR6DMqV8Iqaws2YxJYB3GC5JVNzPYio2ErUg==}
    engines: {node: '>= 18'}
    peerDependencies:
      '@redis/client': ^5.11.0

  '@redis/search@5.11.0':
    resolution: {integrity: sha512-g1l7f3Rnyk/xI99oGHIgWHSKFl45Re5YTIcO8j/JE8olz389yUFyz2+A6nqVy/Zi031VgPDWscbbgOk8hlhZ3g==}
    engines: {node: '>= 18'}
    peerDependencies:
      '@redis/client': ^5.11.0

  '@redis/time-series@5.11.0':
    resolution: {integrity: sha512-TWFeOcU4xkj0DkndnOyhtxvX1KWD+78UHT3XX3x3XRBUGWeQrKo3jqzDsZwxbggUgf9yLJr/akFHXru66X5UQA==}
    engines: {node: '>= 18'}
    peerDependencies:
      '@redis/client': ^5.11.0

  '@types/node@25.5.2':
    resolution: {integrity: sha512-tO4ZIRKNC+MDWV4qKVZe3Ql/woTnmHDr5JD8UI5hn2pwBrHEwOEMZK7WlNb5RKB6EoJ02gwmQS9OrjuFnZYdpg==}

  '@types/pg@8.20.0':
    resolution: {integrity: sha512-bEPFOaMAHTEP1EzpvHTbmwR8UsFyHSKsRisLIHVMXnpNefSbGA1bD6CVy+qKjGSqmZqNqBDV2azOBo8TgkcVow==}

  cluster-key-slot@1.1.2:
    resolution: {integrity: sha512-RMr0FhtfXemyinomL4hrWcYJxmX6deFdCxpJzhDttxgO1+bcCnkk+9drydLVDmAMG7NE6aN/fl4F7ucU/90gAA==}
    engines: {node: '>=0.10.0'}

  kafkajs@2.2.4:
    resolution: {integrity: sha512-j/YeapB1vfPT2iOIUn/vxdyKEuhuY2PxMBvf5JWux6iSaukAccrMtXEY/Lb7OvavDhOWME589bpLrEdnVHjfjA==}
    engines: {node: '>=14.0.0'}

  pg-cloudflare@1.3.0:
    resolution: {integrity: sha512-6lswVVSztmHiRtD6I8hw4qP/nDm1EJbKMRhf3HCYaqud7frGysPv7FYJ5noZQdhQtN2xJnimfMtvQq21pdbzyQ==}

  pg-connection-string@2.12.0:
    resolution: {integrity: sha512-U7qg+bpswf3Cs5xLzRqbXbQl85ng0mfSV/J0nnA31MCLgvEaAo7CIhmeyrmJpOr7o+zm0rXK+hNnT5l9RHkCkQ==}

  pg-int8@1.0.1:
    resolution: {integrity: sha512-WCtabS6t3c8SkpDBUlb1kjOs7l66xsGdKpIPZsg4wR+B3+u9UAum2odSsF9tnvxg80h4ZxLWMy4pRjOsFIqQpw==}
    engines: {node: '>=4.0.0'}

  pg-pool@3.13.0:
    resolution: {integrity: sha512-gB+R+Xud1gLFuRD/QgOIgGOBE2KCQPaPwkzBBGC9oG69pHTkhQeIuejVIk3/cnDyX39av2AxomQiyPT13WKHQA==}
    peerDependencies:
      pg: '>=8.0'

  pg-protocol@1.13.0:
    resolution: {integrity: sha512-zzdvXfS6v89r6v7OcFCHfHlyG/wvry1ALxZo4LqgUoy7W9xhBDMaqOuMiF3qEV45VqsN6rdlcehHrfDtlCPc8w==}

  pg-types@2.2.0:
    resolution: {integrity: sha512-qTAAlrEsl8s4OiEQY69wDvcMIdQN6wdz5ojQiOy6YRMuynxenON0O5oCpJI6lshc6scgAY8qvJ2On/p+CXY0GA==}
    engines: {node: '>=4'}

  pg@8.20.0:
    resolution: {integrity: sha512-ldhMxz2r8fl/6QkXnBD3CR9/xg694oT6DZQ2s6c/RI28OjtSOpxnPrUCGOBJ46RCUxcWdx3p6kw/xnDHjKvaRA==}
    engines: {node: '>= 16.0.0'}
    peerDependencies:
      pg-native: '>=3.0.1'
    peerDependenciesMeta:
      pg-native:
        optional: true

  pgpass@1.0.5:
    resolution: {integrity: sha512-FdW9r/jQZhSeohs1Z3sI1yxFQNFvMcnmfuj4WBMUTxOrAyLMaTcE1aAMBiTlbMNaXvBCQuVi0R7hd8udDSP7ug==}

  postgres-array@2.0.0:
    resolution: {integrity: sha512-VpZrUqU5A69eQyW2c5CA1jtLecCsN2U/bD6VilrFDWq5+5UIEVO7nazS3TEcHf1zuPYO/sqGvUvW62g86RXZuA==}
    engines: {node: '>=4'}

  postgres-bytea@1.0.1:
    resolution: {integrity: sha512-5+5HqXnsZPE65IJZSMkZtURARZelel2oXUEO8rH83VS/hxH5vv1uHquPg5wZs8yMAfdv971IU+kcPUczi7NVBQ==}
    engines: {node: '>=0.10.0'}

  postgres-date@1.0.7:
    resolution: {integrity: sha512-suDmjLVQg78nMK2UZ454hAG+OAW+HQPZ6n++TNDUX+L0+uUlLywnoxJKDou51Zm+zTCjrCl0Nq6J9C5hP9vK/Q==}
    engines: {node: '>=0.10.0'}

  postgres-interval@1.2.0:
    resolution: {integrity: sha512-9ZhXKM/rw350N1ovuWHbGxnGh/SNJ4cnxHiM0rxE4VN41wsg8P8zWn9hv/buK00RP4WvlOyr/RBDiptyxVbkZQ==}
    engines: {node: '>=0.10.0'}

  redis@5.11.0:
    resolution: {integrity: sha512-YwXjATVDT+AuxcyfOwZn046aml9jMlQPvU1VXIlLDVAExe0u93aTfPYSeRgG4p9Q/Jlkj+LXJ1XEoFV+j2JKcQ==}
    engines: {node: '>= 18'}

  split2@4.2.0:
    resolution: {integrity: sha512-UcjcJOWknrNkF6PLX83qcHM6KHgVKNkV62Y8a5uYDVv9ydGQVwAHMKqHdJje1VTWpljG0WYpCDhrCdAOYH4TWg==}
    engines: {node: '>= 10.x'}

  typescript@6.0.2:
    resolution: {integrity: sha512-bGdAIrZ0wiGDo5l8c++HWtbaNCWTS4UTv7RaTH/ThVIgjkveJt83m74bBHMJkuCbslY8ixgLBVZJIOiQlQTjfQ==}
    engines: {node: '>=14.17'}
    hasBin: true

  undici-types@7.18.2:
    resolution: {integrity: sha512-AsuCzffGHJybSaRrmr5eHr81mwJU3kjw6M+uprWvCXiNeN9SOGwQ3Jn8jb8m3Z6izVgknn1R0FTCEAP2QrLY/w==}

  xtend@4.0.2:
    resolution: {integrity: sha512-LKYU1iAXJXUgAXn9URjiu+MWhyUXHsvfp7mcuYm9dSUKK0/CjtrUwFAxD82/mCWbtLsGjFIad0wIsod4zrTAEQ==}
    engines: {node: '>=0.4'}

snapshots:

  '@redis/bloom@5.11.0(@redis/client@5.11.0)':
    dependencies:
      '@redis/client': 5.11.0

  '@redis/client@5.11.0':
    dependencies:
      cluster-key-slot: 1.1.2

  '@redis/json@5.11.0(@redis/client@5.11.0)':
    dependencies:
      '@redis/client': 5.11.0

  '@redis/search@5.11.0(@redis/client@5.11.0)':
    dependencies:
      '@redis/client': 5.11.0

  '@redis/time-series@5.11.0(@redis/client@5.11.0)':
    dependencies:
      '@redis/client': 5.11.0

  '@types/node@25.5.2':
    dependencies:
      undici-types: 7.18.2

  '@types/pg@8.20.0':
    dependencies:
      '@types/node': 25.5.2
      pg-protocol: 1.13.0
      pg-types: 2.2.0

  cluster-key-slot@1.1.2: {}

  kafkajs@2.2.4: {}

  pg-cloudflare@1.3.0:
    optional: true

  pg-connection-string@2.12.0: {}

  pg-int8@1.0.1: {}

  pg-pool@3.13.0(pg@8.20.0):
    dependencies:
      pg: 8.20.0

  pg-protocol@1.13.0: {}

  pg-types@2.2.0:
    dependencies:
      pg-int8: 1.0.1
      postgres-array: 2.0.0
      postgres-bytea: 1.0.1
      postgres-date: 1.0.7
      postgres-interval: 1.2.0

  pg@8.20.0:
    dependencies:
      pg-connection-string: 2.12.0
      pg-pool: 3.13.0(pg@8.20.0)
      pg-protocol: 1.13.0
      pg-types: 2.2.0
      pgpass: 1.0.5
    optionalDependencies:
      pg-cloudflare: 1.3.0

  pgpass@1.0.5:
    dependencies:
      split2: 4.2.0

  postgres-array@2.0.0: {}

  postgres-bytea@1.0.1: {}

  postgres-date@1.0.7: {}

  postgres-interval@1.2.0:
    dependencies:
      xtend: 4.0.2

  redis@5.11.0:
    dependencies:
      '@redis/bloom': 5.11.0(@redis/client@5.11.0)
      '@redis/client': 5.11.0
      '@redis/json': 5.11.0(@redis/client@5.11.0)
      '@redis/search': 5.11.0(@redis/client@5.11.0)
      '@redis/time-series': 5.11.0(@redis/client@5.11.0)
    transitivePeerDependencies:
      - '@node-rs/xxhash'

  split2@4.2.0: {}

  typescript@6.0.2: {}

  undici-types@7.18.2: {}

  xtend@4.0.2: {}
